
Microsoft Visual Studio Solution File, Format Version 12.00
# Visual Studio Version 17
VisualStudioVersion = 17.8.34322.80
MinimumVisualStudioVersion = 10.0.40219.1
Project("{9A19103F-16F7-4668-BE54-9A1E7A4F7556}") = "StringValuesBinder", "StringValuesBinder\StringValuesBinder.csproj", "{376D439E-7B9B-4B32-AEC6-5A36E83D5542}"
EndProject
Project("{2150E333-8FDC-42A3-9474-1A3956D46DE8}") = "Solution Items", "Solution Items", "{7B996D1E-BEF8-4137-AE8C-F2E2CD80FAAF}"
	ProjectSection(SolutionItems) = preProject
		.editorconfig = .editorconfig
		.gitattributes = .gitattributes
		.gitignore = .gitignore
		Analyzers.ruleset = Analyzers.ruleset
		Directory.Build.props = Directory.Build.props
		Directory.Build.targets = Directory.Build.targets
		LICENSE = LICENSE
		README.md = README.md
		StringValuesBinder.sln.DotSettings = StringValuesBinder.sln.DotSettings
	EndProjectSection
EndProject
Project("{FAE04EC0-301F-11D3-BF4B-00C04F79EFBC}") = "StringValuesBinder.Tests", "StringValuesBinder.Tests\StringValuesBinder.Tests.csproj", "{3E5C04C1-067E-43CE-A6BA-B6FDCDDB6432}"
EndProject
Global
	GlobalSection(SolutionConfigurationPlatforms) = preSolution
		Debug|Any CPU = Debug|Any CPU
		Release|Any CPU = Release|Any CPU
	EndGlobalSection
	GlobalSection(ProjectConfigurationPlatforms) = postSolution
		{376D439E-7B9B-4B32-AEC6-5A36E83D5542}.Debug|Any CPU.ActiveCfg = Debug|Any CPU
		{376D439E-7B9B-4B32-AEC6-5A36E83D5542}.Debug|Any CPU.Build.0 = Debug|Any CPU
		{376D439E-7B9B-4B32-AEC6-5A36E83D5542}.Release|Any CPU.ActiveCfg = Release|Any CPU
		{376D439E-7B9B-4B32-AEC6-5A36E83D5542}.Release|Any CPU.Build.0 = Release|Any CPU
		{3E5C04C1-067E-43CE-A6BA-B6FDCDDB6432}.Debug|Any CPU.ActiveCfg = Debug|Any CPU
		{3E5C04C1-067E-43CE-A6BA-B6FDCDDB6432}.Debug|Any CPU.Build.0 = Debug|Any CPU
		{3E5C04C1-067E-43CE-A6BA-B6FDCDDB6432}.Release|Any CPU.ActiveCfg = Release|Any CPU
		{3E5C04C1-067E-43CE-A6BA-B6FDCDDB6432}.Release|Any CPU.Build.0 = Release|Any CPU
	EndGlobalSection
	GlobalSection(SolutionProperties) = preSolution
		HideSolutionNode = FALSE
	EndGlobalSection
	GlobalSection(ExtensibilityGlobals) = postSolution
		SolutionGuid = {D894635E-41F4-486B-8C20-70D0362945B0}
	EndGlobalSection
EndGlobal
